Microsoft Visual Studio Solution File, Format Version 12.00
# Visual Studio Version 17
VisualStudioVersion = 17.5.2.0
MinimumVisualStudioVersion = 10.0.40219.1
Project("{FAE04EC0-301F-11D3-BF4B-00C04F79EFBC}") = "sunum", "sunum\sunum.csproj", "{B21882A9-7E16-F1B9-9F43-76B3AAD56393}"
EndProject
Global
	GlobalSection(SolutionConfigurationPlatforms) = preSolution
		Debug|Any CPU = Debug|Any CPU
		Release|Any CPU = Release|Any CPU
	EndGlobalSection
	GlobalSection(ProjectConfigurationPlatforms) = postSolution
		{B21882A9-7E16-F1B9-9F43-76B3AAD56393}.Debug|Any CPU.ActiveCfg = Debug|Any CPU
		{B21882A9-7E16-F1B9-9F43-76B3AAD56393}.Debug|Any CPU.Build.0 = Debug|Any CPU
		{B21882A9-7E16-F1B9-9F43-76B3AAD56393}.Release|Any CPU.ActiveCfg = Release|Any CPU
		{B21882A9-7E16-F1B9-9F43-76B3AAD56393}.Release|Any CPU.Build.0 = Release|Any CPU
	EndGlobalSection
	GlobalSection(SolutionProperties) = preSolution
		HideSolutionNode = FALSE
	EndGlobalSection
	GlobalSection(ExtensibilityGlobals) = postSolution
		SolutionGuid = {FE779677-6271-4731-9B16-329681C2CA55}
	EndGlobalSection
EndGlobal
